
Microsoft Visual Studio Solution File, Format Version 12.00
# Visual Studio Version 17
VisualStudioVersion = 17.5.33530.505
MinimumVisualStudioVersion = 10.0.40219.1
Project("{FAE04EC0-301F-11D3-BF4B-00C04F79EFBC}") = "DateApi", "DateApi\DateApi.csproj", "{89D93082-9C84-45E8-8FB9-3A72F55F0F62}"
EndProject
Global
	GlobalSection(SolutionConfigurationPlatforms) = preSolution
		Debug|Any CPU = Debug|Any CPU
		Release|Any CPU = Release|Any CPU
	EndGlobalSection
	GlobalSection(ProjectConfigurationPlatforms) = postSolution
		{89D93082-9C84-45E8-8FB9-3A72F55F0F62}.Debug|Any CPU.ActiveCfg = Debug|Any CPU
		{89D93082-9C84-45E8-8FB9-3A72F55F0F62}.Debug|Any CPU.Build.0 = Debug|Any CPU
		{89D93082-9C84-45E8-8FB9-3A72F55F0F62}.Release|Any CPU.ActiveCfg = Release|Any CPU
		{89D93082-9C84-45E8-8FB9-3A72F55F0F62}.Release|Any CPU.Build.0 = Release|Any CPU
	EndGlobalSection
	GlobalSection(SolutionProperties) = preSolution
		HideSolutionNode = FALSE
	EndGlobalSection
	GlobalSection(ExtensibilityGlobals) = postSolution
		SolutionGuid = {A64C887E-9A2D-4271-8BA7-FEEAC39A49A7}
	EndGlobalSection
EndGlobal
